Microsoft Visual Studio Solution File, Format Version 12.00
# Visual Studio Version 17
VisualStudioVersion = 17.5.2.0
MinimumVisualStudioVersion = 10.0.40219.1
Project("{FAE04EC0-301F-11D3-BF4B-00C04F79EFBC}") = "TreinoCSharpBasico", "TreinoCSharpBasico\TreinoCSharpBasico.csproj", "{47AD1F9A-4842-06D8-3423-251A357250CC}"
EndProject
Global
	GlobalSection(SolutionConfigurationPlatforms) = preSolution
		Debug|Any CPU = Debug|Any CPU
		Release|Any CPU = Release|Any CPU
	EndGlobalSection
	GlobalSection(ProjectConfigurationPlatforms) = postSolution
		{47AD1F9A-4842-06D8-3423-251A357250CC}.Debug|Any CPU.ActiveCfg = Debug|Any CPU
		{47AD1F9A-4842-06D8-3423-251A357250CC}.Debug|Any CPU.Build.0 = Debug|Any CPU
		{47AD1F9A-4842-06D8-3423-251A357250CC}.Release|Any CPU.ActiveCfg = Release|Any CPU
		{47AD1F9A-4842-06D8-3423-251A357250CC}.Release|Any CPU.Build.0 = Release|Any CPU
	EndGlobalSection
	GlobalSection(SolutionProperties) = preSolution
		HideSolutionNode = FALSE
	EndGlobalSection
	GlobalSection(ExtensibilityGlobals) = postSolution
		SolutionGuid = {05EACC11-4587-4294-9905-34DEB4EE2034}
	EndGlobalSection
EndGlobal
